
Microsoft Visual Studio Solution File, Format Version 12.00
# Visual Studio Version 17
VisualStudioVersion = 17.10.34916.146
MinimumVisualStudioVersion = 10.0.40219.1
Project("{FAE04EC0-301F-11D3-BF4B-00C04F79EFBC}") = "CUENTAS POR PAGAR JABES 23EIST6015", "CUENTAS POR PAGAR JABES 23EIST6015.csproj", "{CEF69BFE-D162-4CA0-B27F-9B95BA5DADD2}"
EndProject
Global
	GlobalSection(SolutionConfigurationPlatforms) = preSolution
		Debug|Any CPU = Debug|Any CPU
		Release|Any CPU = Release|Any CPU
	EndGlobalSection
	GlobalSection(ProjectConfigurationPlatforms) = postSolution
		{CEF69BFE-D162-4CA0-B27F-9B95BA5DADD2}.Debug|Any CPU.ActiveCfg = Debug|Any CPU
		{CEF69BFE-D162-4CA0-B27F-9B95BA5DADD2}.Debug|Any CPU.Build.0 = Debug|Any CPU
		{CEF69BFE-D162-4CA0-B27F-9B95BA5DADD2}.Release|Any CPU.ActiveCfg = Release|Any CPU
		{CEF69BFE-D162-4CA0-B27F-9B95BA5DADD2}.Release|Any CPU.Build.0 = Release|Any CPU
	EndGlobalSection
	GlobalSection(SolutionProperties) = preSolution
		HideSolutionNode = FALSE
	EndGlobalSection
	GlobalSection(ExtensibilityGlobals) = postSolution
		SolutionGuid = {81A25E0A-770A-4330-B806-D0FA9FE55B62}
	EndGlobalSection
EndGlobal
